// !$*UTF8*$!
{
	archiveVersion = 1;
	classes = {
	};
	objectVersion = 77;
	objects = {

/* Begin PBXBuildFile section */
		1AF90B9C2CAB59D000EB37F0 /* ScoreSwipe Watch App.app in Embed Watch Content */ = {isa = PBXBuildFile; fileRef = 1AF90B9B2CAB59D000EB37F0 /* ScoreSwipe Watch App.app */; settings = {ATTRIBUTES = (RemoveHeadersOnCopy, ); }; };
		1AF90BEF2CAB5A3900EB37F0 /* ScoreSwipeApp.swift in Sources */ = {isa = PBXBuildFile; fileRef = 1AF90BE42CAB5A3900EB37F0 /* ScoreSwipeApp.swift */; };
		1AF90BF02CAB5A3900EB37F0 /* Preview Assets.xcassets in Resources */ = {isa = PBXBuildFile; fileRef = 1AF90BDE2CAB5A3900EB37F0 /* Preview Assets.xcassets */; };
		1AF90BF12CAB5A3900EB37F0 /* .gitignore in Resources */ = {isa = PBXBuildFile; fileRef = 1AF90BE22CAB5A3900EB37F0 /* .gitignore */; };
		1AF90BF22CAB5A3900EB37F0 /* Assets.xcassets in Resources */ = {isa = PBXBuildFile; fileRef = 1AF90BE32CAB5A3900EB37F0 /* Assets.xcassets */; };
		1AF90BF52CAB5A9100EB37F0 /* WatchKit.framework in Frameworks */ = {isa = PBXBuildFile; fileRef = 1AF90BF42CAB5A9100EB37F0 /* WatchKit.framework */; };
		1AF90C022CAC3FBD00EB37F0 /* GameSettingsView.swift in Sources */ = {isa = PBXBuildFile; fileRef = 1AF90BFA2CAC3FBD00EB37F0 /* GameSettingsView.swift */; };
		1AF90C032CAC3FBD00EB37F0 /* UserGuideView.swift in Sources */ = {isa = PBXBuildFile; fileRef = 1AF90BFF2CAC3FBD00EB37F0 /* UserGuideView.swift */; };
		1AF90C042CAC3FBD00EB37F0 /* Player.swift in Sources */ = {isa = PBXBuildFile; fileRef = 1AF90BF82CAC3FBD00EB37F0 /* Player.swift */; };
		1AF90C052CAC3FBD00EB37F0 /* MainMenuView.swift in Sources */ = {isa = PBXBuildFile; fileRef = 1AF90BFC2CAC3FBD00EB37F0 /* MainMenuView.swift */; };
		1AF90C062CAC3FBD00EB37F0 /* GameSettings.swift in Sources */ = {isa = PBXBuildFile; fileRef = 1AF90BF72CAC3FBD00EB37F0 /* GameSettings.swift */; };
		1AF90C072CAC3FBD00EB37F0 /* PlayerView.swift in Sources */ = {isa = PBXBuildFile; fileRef = 1AF90BFD2CAC3FBD00EB37F0 /* PlayerView.swift */; };
		1AF90C082CAC3FBD00EB37F0 /* GameView.swift in Sources */ = {isa = PBXBuildFile; fileRef = 1AF90BFB2CAC3FBD00EB37F0 /* GameView.swift */; };
		1AF90C092CAC3FBD00EB37F0 /* ScoreView.swift in Sources */ = {isa = PBXBuildFile; fileRef = 1AF90BFE2CAC3FBD00EB37F0 /* ScoreView.swift */; };
		1AF90C0A2CAC3FBD00EB37F0 /* Game.swift in Sources */ = {isa = PBXBuildFile; fileRef = 1AF90BF62CAC3FBD00EB37F0 /* Game.swift */; };
		1AF90C0C2CAC419600EB37F0 /* GameSettingsViewModel.swift in Sources */ = {isa = PBXBuildFile; fileRef = 1AF90C0B2CAC419600EB37F0 /* GameSettingsViewModel.swift */; };
		1AF90C0E2CAC445300EB37F0 /* GameViewModel.swift in Sources */ = {isa = PBXBuildFile; fileRef = 1AF90C0D2CAC445300EB37F0 /* GameViewModel.swift */; };
/* End PBXBuildFile section */

/* Begin PBXContainerItemProxy section */
		1AF90B9D2CAB59D000EB37F0 /* PBXContainerItemProxy */ = {
			isa = PBXContainerItemProxy;
			containerPortal = 1AF90B8F2CAB59D000EB37F0 /* Project object */;
			proxyType = 1;
			remoteGlobalIDString = 1AF90B9A2CAB59D000EB37F0;
			remoteInfo = "ScoreSwipe Watch App";
		};
/* End PBXContainerItemProxy section */

/* Begin PBXCopyFilesBuildPhase section */
		1AF90BAE2CAB59D100EB37F0 /* Embed Watch Content */ = {
			isa = PBXCopyFilesBuildPhase;
			buildActionMask = 2147483647;
			dstPath = "$(CONTENTS_FOLDER_PATH)/Watch";
			dstSubfolderSpec = 16;
			files = (
				1AF90B9C2CAB59D000EB37F0 /* ScoreSwipe Watch App.app in Embed Watch Content */,
			);
			name = "Embed Watch Content";
			runOnlyForDeploymentPostprocessing = 0;
		};
/* End PBXCopyFilesBuildPhase section */

/* Begin PBXFileReference section */
		1AF90B952CAB59D000EB37F0 /* ScoreSwipe.app */ = {isa = PBXFileReference; explicitFileType = wrapper.application; includeInIndex = 0; path = ScoreSwipe.app; sourceTree = BUILT_PRODUCTS_DIR; };
		1AF90B9B2CAB59D000EB37F0 /* ScoreSwipe Watch App.app */ = {isa = PBXFileReference; explicitFileType = wrapper.application; includeInIndex = 0; path = "ScoreSwipe Watch App.app"; sourceTree = BUILT_PRODUCTS_DIR; };
		1AF90BDE2CAB5A3900EB37F0 /* Preview Assets.xcassets */ = {isa = PBXFileReference; lastKnownFileType = folder.assetcatalog; path = "Preview Assets.xcassets"; sourceTree = "<group>"; };
		1AF90BE22CAB5A3900EB37F0 /* .gitignore */ = {isa = PBXFileReference; lastKnownFileType = text; path = .gitignore; sourceTree = "<group>"; };
		1AF90BE32CAB5A3900EB37F0 /* Assets.xcassets */ = {isa = PBXFileReference; lastKnownFileType = folder.assetcatalog; path = Assets.xcassets; sourceTree = "<group>"; };
		1AF90BE42CAB5A3900EB37F0 /* ScoreSwipeApp.swift */ = {isa = PBXFileReference; lastKnownFileType = sourcecode.swift; path = ScoreSwipeApp.swift; sourceTree = "<group>"; };
		1AF90BF42CAB5A9100EB37F0 /* WatchKit.framework */ = {isa = PBXFileReference; lastKnownFileType = wrapper.framework; name = WatchKit.framework; path = Platforms/WatchOS.platform/Developer/SDKs/WatchOS11.0.sdk/System/Library/Frameworks/WatchKit.framework; sourceTree = DEVELOPER_DIR; };
		1AF90BF62CAC3FBD00EB37F0 /* Game.swift */ = {isa = PBXFileReference; lastKnownFileType = sourcecode.swift; path = Game.swift; sourceTree = "<group>"; };
		1AF90BF72CAC3FBD00EB37F0 /* GameSettings.swift */ = {isa = PBXFileReference; lastKnownFileType = sourcecode.swift; path = GameSettings.swift; sourceTree = "<group>"; };
		1AF90BF82CAC3FBD00EB37F0 /* Player.swift */ = {isa = PBXFileReference; lastKnownFileType = sourcecode.swift; path = Player.swift; sourceTree = "<group>"; };
		1AF90BFA2CAC3FBD00EB37F0 /* GameSettingsView.swift */ = {isa = PBXFileReference; lastKnownFileType = sourcecode.swift; path = GameSettingsView.swift; sourceTree = "<group>"; };
		1AF90BFB2CAC3FBD00EB37F0 /* GameView.swift */ = {isa = PBXFileReference; lastKnownFileType = sourcecode.swift; path = GameView.swift; sourceTree = "<group>"; };
		1AF90BFC2CAC3FBD00EB37F0 /* MainMenuView.swift */ = {isa = PBXFileReference; lastKnownFileType = sourcecode.swift; path = MainMenuView.swift; sourceTree = "<group>"; };
		1AF90BFD2CAC3FBD00EB37F0 /* PlayerView.swift */ = {isa = PBXFileReference; lastKnownFileType = sourcecode.swift; path = PlayerView.swift; sourceTree = "<group>"; };
		1AF90BFE2CAC3FBD00EB37F0 /* ScoreView.swift */ = {isa = PBXFileReference; lastKnownFileType = sourcecode.swift; path = ScoreView.swift; sourceTree = "<group>"; };
		1AF90BFF2CAC3FBD00EB37F0 /* UserGuideView.swift */ = {isa = PBXFileReference; lastKnownFileType = sourcecode.swift; path = UserGuideView.swift; sourceTree = "<group>"; };
		1AF90C0B2CAC419600EB37F0 /* GameSettingsViewModel.swift */ = {isa = PBXFileReference; lastKnownFileType = sourcecode.swift; path = GameSettingsViewModel.swift; sourceTree = "<group>"; };
		1AF90C0D2CAC445300EB37F0 /* GameViewModel.swift */ = {isa = PBXFileReference; lastKnownFileType = sourcecode.swift; path = GameViewModel.swift; sourceTree = "<group>"; };
/* End PBXFileReference section */

/* Begin PBXFrameworksBuildPhase section */
		1AF90B982CAB59D000EB37F0 /* Frameworks */ = {
			isa = PBXFrameworksBuildPhase;
			buildActionMask = 2147483647;
			files = (
				1AF90BF52CAB5A9100EB37F0 /* WatchKit.framework in Frameworks */,
			);
			runOnlyForDeploymentPostprocessing = 0;
		};
/* End PBXFrameworksBuildPhase section */

/* Begin PBXGroup section */
		1AF90B8E2CAB59D000EB37F0 = {
			isa = PBXGroup;
			children = (
				1AF90BE52CAB5A3900EB37F0 /* ScoreSwipe Watch App */,
				1AF90BF32CAB5A9100EB37F0 /* Frameworks */,
				1AF90BE22CAB5A3900EB37F0 /* .gitignore */,
				1AF90B962CAB59D000EB37F0 /* Products */,
			);
			sourceTree = "<group>";
		};
		1AF90B962CAB59D000EB37F0 /* Products */ = {
			isa = PBXGroup;
			children = (
				1AF90B952CAB59D000EB37F0 /* ScoreSwipe.app */,
				1AF90B9B2CAB59D000EB37F0 /* ScoreSwipe Watch App.app */,
			);
			name = Products;
			sourceTree = "<group>";
		};
		1AF90BDF2CAB5A3900EB37F0 /* Preview Content */ = {
			isa = PBXGroup;
			children = (
				1AF90BDE2CAB5A3900EB37F0 /* Preview Assets.xcassets */,
			);
			path = "Preview Content";
			sourceTree = "<group>";
		};
		1AF90BE52CAB5A3900EB37F0 /* ScoreSwipe Watch App */ = {
			isa = PBXGroup;
			children = (
				1AF90BF92CAC3FBD00EB37F0 /* Model */,
				1AF90C002CAC3FBD00EB37F0 /* View */,
				1AF90C012CAC3FBD00EB37F0 /* ViewModel */,
				1AF90BDF2CAB5A3900EB37F0 /* Preview Content */,
				1AF90BE32CAB5A3900EB37F0 /* Assets.xcassets */,
				1AF90BE42CAB5A3900EB37F0 /* ScoreSwipeApp.swift */,
			);
			path = "ScoreSwipe Watch App";
			sourceTree = "<group>";
		};
		1AF90BF32CAB5A9100EB37F0 /* Frameworks */ = {
			isa = PBXGroup;
			children = (
				1AF90BF42CAB5A9100EB37F0 /* WatchKit.framework */,
			);
			name = Frameworks;
			sourceTree = "<group>";
		};
		1AF90BF92CAC3FBD00EB37F0 /* Model */ = {
			isa = PBXGroup;
			children = (
				1AF90BF62CAC3FBD00EB37F0 /* Game.swift */,
				1AF90BF72CAC3FBD00EB37F0 /* GameSettings.swift */,
				1AF90BF82CAC3FBD00EB37F0 /* Player.swift */,
			);
			path = Model;
			sourceTree = "<group>";
		};
		1AF90C002CAC3FBD00EB37F0 /* View */ = {
			isa = PBXGroup;
			children = (
				1AF90BFA2CAC3FBD00EB37F0 /* GameSettingsView.swift */,
				1AF90BFB2CAC3FBD00EB37F0 /* GameView.swift */,
				1AF90BFC2CAC3FBD00EB37F0 /* MainMenuView.swift */,
				1AF90BFD2CAC3FBD00EB37F0 /* PlayerView.swift */,
				1AF90BFE2CAC3FBD00EB37F0 /* ScoreView.swift */,
				1AF90BFF2CAC3FBD00EB37F0 /* UserGuideView.swift */,
			);
			path = View;
			sourceTree = "<group>";
		};
		1AF90C012CAC3FBD00EB37F0 /* ViewModel */ = {
			isa = PBXGroup;
			children = (
				1AF90C0B2CAC419600EB37F0 /* GameSettingsViewModel.swift */,
				1AF90C0D2CAC445300EB37F0 /* GameViewModel.swift */,
			);
			path = ViewModel;
			sourceTree = "<group>";
		};
/* End PBXGroup section */

/* Begin PBXNativeTarget section */
		1AF90B942CAB59D000EB37F0 /* ScoreSwipe */ = {
			isa = PBXNativeTarget;
			buildConfigurationList = 1AF90BAF2CAB59D100EB37F0 /* Build configuration list for PBXNativeTarget "ScoreSwipe" */;
			buildPhases = (
				1AF90B932CAB59D000EB37F0 /* Resources */,
				1AF90BAE2CAB59D100EB37F0 /* Embed Watch Content */,
			);
			buildRules = (
			);
			dependencies = (
				1AF90B9E2CAB59D000EB37F0 /* PBXTargetDependency */,
			);
			name = ScoreSwipe;
			packageProductDependencies = (
			);
			productName = ScoreSwipe;
			productReference = 1AF90B952CAB59D000EB37F0 /* ScoreSwipe.app */;
			productType = "com.apple.product-type.application.watchapp2-container";
		};
		1AF90B9A2CAB59D000EB37F0 /* ScoreSwipe Watch App */ = {
			isa = PBXNativeTarget;
			buildConfigurationList = 1AF90BAB2CAB59D100EB37F0 /* Build configuration list for PBXNativeTarget "ScoreSwipe Watch App" */;
			buildPhases = (
				1AF90B972CAB59D000EB37F0 /* Sources */,
				1AF90B982CAB59D000EB37F0 /* Frameworks */,
				1AF90B992CAB59D000EB37F0 /* Resources */,
			);
			buildRules = (
			);
			dependencies = (
			);
			name = "ScoreSwipe Watch App";
			packageProductDependencies = (
			);
			productName = "ScoreSwipe Watch App";
			productReference = 1AF90B9B2CAB59D000EB37F0 /* ScoreSwipe Watch App.app */;
			productType = "com.apple.product-type.application";
		};
/* End PBXNativeTarget section */

/* Begin PBXProject section */
		1AF90B8F2CAB59D000EB37F0 /* Project object */ = {
			isa = PBXProject;
			attributes = {
				BuildIndependentTargetsInParallel = 1;
				LastSwiftUpdateCheck = 1600;
				LastUpgradeCheck = 1600;
				TargetAttributes = {
					1AF90B942CAB59D000EB37F0 = {
						CreatedOnToolsVersion = 16.0;
					};
					1AF90B9A2CAB59D000EB37F0 = {
						CreatedOnToolsVersion = 16.0;
					};
				};
			};
			buildConfigurationList = 1AF90B922CAB59D000EB37F0 /* Build configuration list for PBXProject "ScoreSwipe" */;
			developmentRegion = en;
			hasScannedForEncodings = 0;
			knownRegions = (
				en,
				Base,
			);
			mainGroup = 1AF90B8E2CAB59D000EB37F0;
			minimizedProjectReferenceProxies = 1;
			preferredProjectObjectVersion = 77;
			productRefGroup = 1AF90B962CAB59D000EB37F0 /* Products */;
			projectDirPath = "";
			projectRoot = "";
			targets = (
				1AF90B942CAB59D000EB37F0 /* ScoreSwipe */,
				1AF90B9A2CAB59D000EB37F0 /* ScoreSwipe Watch App */,
			);
		};
/* End PBXProject section */

/* Begin PBXResourcesBuildPhase section */
		1AF90B932CAB59D000EB37F0 /* Resources */ = {
			isa = PBXResourcesBuildPhase;
			buildActionMask = 2147483647;
			files = (
			);
			runOnlyForDeploymentPostprocessing = 0;
		};
		1AF90B992CAB59D000EB37F0 /* Resources */ = {
			isa = PBXResourcesBuildPhase;
			buildActionMask = 2147483647;
			files = (
				1AF90BF02CAB5A3900EB37F0 /* Preview Assets.xcassets in Resources */,
				1AF90BF12CAB5A3900EB37F0 /* .gitignore in Resources */,
				1AF90BF22CAB5A3900EB37F0 /* Assets.xcassets in Resources */,
			);
			runOnlyForDeploymentPostprocessing = 0;
		};
/* End PBXResourcesBuildPhase section */

/* Begin PBXSourcesBuildPhase section */
		1AF90B972CAB59D000EB37F0 /* Sources */ = {
			isa = PBXSourcesBuildPhase;
			buildActionMask = 2147483647;
			files = (
				1AF90C022CAC3FBD00EB37F0 /* GameSettingsView.swift in Sources */,
				1AF90C032CAC3FBD00EB37F0 /* UserGuideView.swift in Sources */,
				1AF90C042CAC3FBD00EB37F0 /* Player.swift in Sources */,
				1AF90C052CAC3FBD00EB37F0 /* MainMenuView.swift in Sources */,
				1AF90C0C2CAC419600EB37F0 /* GameSettingsViewModel.swift in Sources */,
				1AF90C062CAC3FBD00EB37F0 /* GameSettings.swift in Sources */,
				1AF90C072CAC3FBD00EB37F0 /* PlayerView.swift in Sources */,
				1AF90C082CAC3FBD00EB37F0 /* GameView.swift in Sources */,
				1AF90C092CAC3FBD00EB37F0 /* ScoreView.swift in Sources */,
				1AF90C0E2CAC445300EB37F0 /* GameViewModel.swift in Sources */,
				1AF90C0A2CAC3FBD00EB37F0 /* Game.swift in Sources */,
				1AF90BEF2CAB5A3900EB37F0 /* ScoreSwipeApp.swift in Sources */,
			);
			runOnlyForDeploymentPostprocessing = 0;
		};
/* End PBXSourcesBuildPhase section */

/* Begin PBXTargetDependency section */
		1AF90B9E2CAB59D000EB37F0 /* PBXTargetDependency */ = {
			isa = PBXTargetDependency;
			target = 1AF90B9A2CAB59D000EB37F0 /* ScoreSwipe Watch App */;
			targetProxy = 1AF90B9D2CAB59D000EB37F0 /* PBXContainerItemProxy */;
		};
/* End PBXTargetDependency section */

/* Begin XCBuildConfiguration section */
		1AF90BA92CAB59D100EB37F0 /* Debug */ = {
			isa = XCBuildConfiguration;
			buildSettings = {
				ALWAYS_SEARCH_USER_PATHS = NO;
				ASSETCATALOG_COMPILER_GENERATE_SWIFT_ASSET_SYMBOL_EXTENSIONS = YES;
				CLANG_ANALYZER_NONNULL = YES;
				CLANG_ANALYZER_NUMBER_OBJECT_CONVERSION = YES_AGGRESSIVE;
				CLANG_CXX_LANGUAGE_STANDARD = "gnu++20";
				CLANG_ENABLE_MODULES = YES;
				CLANG_ENABLE_OBJC_ARC = YES;
				CLANG_ENABLE_OBJC_WEAK = YES;
				CLANG_WARN_BLOCK_CAPTURE_AUTORELEASING = YES;
				CLANG_WARN_BOOL_CONVERSION = YES;
				CLANG_WARN_COMMA = YES;
				CLANG_WARN_CONSTANT_CONVERSION = YES;
				CLANG_WARN_DEPRECATED_OBJC_IMPLEMENTATIONS = YES;
				CLANG_WARN_DIRECT_OBJC_ISA_USAGE = YES_ERROR;
				CLANG_WARN_DOCUMENTATION_COMMENTS = YES;
				CLANG_WARN_EMPTY_BODY = YES;
				CLANG_WARN_ENUM_CONVERSION = YES;
				CLANG_WARN_INFINITE_RECURSION = YES;
				CLANG_WARN_INT_CONVERSION = YES;
				CLANG_WARN_NON_LITERAL_NULL_CONVERSION = YES;
				CLANG_WARN_OBJC_IMPLICIT_RETAIN_SELF = YES;
				CLANG_WARN_OBJC_LITERAL_CONVERSION = YES;
				CLANG_WARN_OBJC_ROOT_CLASS = YES_ERROR;
				CLANG_WARN_QUOTED_INCLUDE_IN_FRAMEWORK_HEADER = YES;
				CLANG_WARN_RANGE_LOOP_ANALYSIS = YES;
				CLANG_WARN_STRICT_PROTOTYPES = YES;
				CLANG_WARN_SUSPICIOUS_MOVE = YES;
				CLANG_WARN_UNGUARDED_AVAILABILITY = YES_AGGRESSIVE;
				CLANG_WARN_UNREACHABLE_CODE = YES;
				CLANG_WARN__DUPLICATE_METHOD_MATCH = YES;
				COPY_PHASE_STRIP = NO;
				DEBUG_INFORMATION_FORMAT = dwarf;
				ENABLE_STRICT_OBJC_MSGSEND = YES;
				ENABLE_TESTABILITY = YES;
				ENABLE_USER_SCRIPT_SANDBOXING = YES;
				GCC_C_LANGUAGE_STANDARD = gnu17;
				GCC_DYNAMIC_NO_PIC = NO;
				GCC_NO_COMMON_BLOCKS = YES;
				GCC_OPTIMIZATION_LEVEL = 0;
				GCC_PREPROCESSOR_DEFINITIONS = (
					"DEBUG=1",
					"$(inherited)",
				);
				GCC_WARN_64_TO_32_BIT_CONVERSION = YES;
				GCC_WARN_ABOUT_RETURN_TYPE = YES_ERROR;
				GCC_WARN_UNDECLARED_SELECTOR = YES;
				GCC_WARN_UNINITIALIZED_AUTOS = YES_AGGRESSIVE;
				GCC_WARN_UNUSED_FUNCTION = YES;
				GCC_WARN_UNUSED_VARIABLE = YES;
				LOCALIZATION_PREFERS_STRING_CATALOGS = YES;
				MTL_ENABLE_DEBUG_INFO = INCLUDE_SOURCE;
				MTL_FAST_MATH = YES;
				ONLY_ACTIVE_ARCH = YES;
				SWIFT_ACTIVE_COMPILATION_CONDITIONS = "DEBUG $(inherited)";
				SWIFT_OPTIMIZATION_LEVEL = "-Onone";
			};
			name = Debug;
		};
		1AF90BAA2CAB59D100EB37F0 /* Release */ = {
			isa = XCBuildConfiguration;
			buildSettings = {
				ALWAYS_SEARCH_USER_PATHS = NO;
				ASSETCATALOG_COMPILER_GENERATE_SWIFT_ASSET_SYMBOL_EXTENSIONS = YES;
				CLANG_ANALYZER_NONNULL = YES;
				CLANG_ANALYZER_NUMBER_OBJECT_CONVERSION = YES_AGGRESSIVE;
				CLANG_CXX_LANGUAGE_STANDARD = "gnu++20";
				CLANG_ENABLE_MODULES = YES;
				CLANG_ENABLE_OBJC_ARC = YES;
				CLANG_ENABLE_OBJC_WEAK = YES;
				CLANG_WARN_BLOCK_CAPTURE_AUTORELEASING = YES;
				CLANG_WARN_BOOL_CONVERSION = YES;
				CLANG_WARN_COMMA = YES;
				CLANG_WARN_CONSTANT_CONVERSION = YES;
				CLANG_WARN_DEPRECATED_OBJC_IMPLEMENTATIONS = YES;
				CLANG_WARN_DIRECT_OBJC_ISA_USAGE = YES_ERROR;
				CLANG_WARN_DOCUMENTATION_COMMENTS = YES;
				CLANG_WARN_EMPTY_BODY = YES;
				CLANG_WARN_ENUM_CONVERSION = YES;
				CLANG_WARN_INFINITE_RECURSION = YES;
				CLANG_WARN_INT_CONVERSION = YES;
				CLANG_WARN_NON_LITERAL_NULL_CONVERSION = YES;
				CLANG_WARN_OBJC_IMPLICIT_RETAIN_SELF = YES;
				CLANG_WARN_OBJC_LITERAL_CONVERSION = YES;
				CLANG_WARN_OBJC_ROOT_CLASS = YES_ERROR;
				CLANG_WARN_QUOTED_INCLUDE_IN_FRAMEWORK_HEADER = YES;
				CLANG_WARN_RANGE_LOOP_ANALYSIS = YES;
				CLANG_WARN_STRICT_PROTOTYPES = YES;
				CLANG_WARN_SUSPICIOUS_MOVE = YES;
				CLANG_WARN_UNGUARDED_AVAILABILITY = YES_AGGRESSIVE;
				CLANG_WARN_UNREACHABLE_CODE = YES;
				CLANG_WARN__DUPLICATE_METHOD_MATCH = YES;
				COPY_PHASE_STRIP = NO;
				DEBUG_INFORMATION_FORMAT = "dwarf-with-dsym";
				ENABLE_NS_ASSERTIONS = NO;
				ENABLE_STRICT_OBJC_MSGSEND = YES;
				ENABLE_USER_SCRIPT_SANDBOXING = YES;
				GCC_C_LANGUAGE_STANDARD = gnu17;
				GCC_NO_COMMON_BLOCKS = YES;
				GCC_WARN_64_TO_32_BIT_CONVERSION = YES;
				GCC_WARN_ABOUT_RETURN_TYPE = YES_ERROR;
				GCC_WARN_UNDECLARED_SELECTOR = YES;
				GCC_WARN_UNINITIALIZED_AUTOS = YES_AGGRESSIVE;
				GCC_WARN_UNUSED_FUNCTION = YES;
				GCC_WARN_UNUSED_VARIABLE = YES;
				LOCALIZATION_PREFERS_STRING_CATALOGS = YES;
				MTL_ENABLE_DEBUG_INFO = NO;
				MTL_FAST_MATH = YES;
				SWIFT_COMPILATION_MODE = wholemodule;
			};
			name = Release;
		};
		1AF90BAC2CAB59D100EB37F0 /* Debug */ = {
			isa = XCBuildConfiguration;
			buildSettings = {
				ASSETCATALOG_COMPILER_APPICON_NAME = AppIcon;
				ASSETCATALOG_COMPILER_GLOBAL_ACCENT_COLOR_NAME = AccentColor;
				CODE_SIGN_STYLE = Automatic;
				CURRENT_PROJECT_VERSION = 2;
				DEVELOPMENT_ASSET_PATHS = "\"ScoreSwipe Watch App/Preview Content\"";
				DEVELOPMENT_TEAM = 48FWUD4SQ5;
				ENABLE_PREVIEWS = YES;
				GENERATE_INFOPLIST_FILE = YES;
				INFOPLIST_KEY_CFBundleDisplayName = ScoreSwipe;
				INFOPLIST_KEY_UISupportedInterfaceOrientations = "UIInterfaceOrientationPortrait UIInterfaceOrientationPortraitUpsideDown";
				INFOPLIST_KEY_WKWatchOnly = YES;
				LD_RUNPATH_SEARCH_PATHS = (
					"$(inherited)",
					"@executable_path/Frameworks",
				);
				MARKETING_VERSION = 1.0.1;
				PRODUCT_BUNDLE_IDENTIFIER = com.li.james.ScoreSwipe.watchkitapp;
				PRODUCT_NAME = "$(TARGET_NAME)";
				SDKROOT = watchos;
				SKIP_INSTALL = YES;
				SWIFT_EMIT_LOC_STRINGS = YES;
				SWIFT_VERSION = 5.0;
				TARGETED_DEVICE_FAMILY = 4;
				WATCHOS_DEPLOYMENT_TARGET = 10.0;
			};
			name = Debug;
		};
		1AF90BAD2CAB59D100EB37F0 /* Release */ = {
			isa = XCBuildConfiguration;
			buildSettings = {
				ASSETCATALOG_COMPILER_APPICON_NAME = AppIcon;
				ASSETCATALOG_COMPILER_GLOBAL_ACCENT_COLOR_NAME = AccentColor;
				CODE_SIGN_STYLE = Automatic;
				CURRENT_PROJECT_VERSION = 2;
				DEVELOPMENT_ASSET_PATHS = "\"ScoreSwipe Watch App/Preview Content\"";
				DEVELOPMENT_TEAM = 48FWUD4SQ5;
				ENABLE_PREVIEWS = YES;
				GENERATE_INFOPLIST_FILE = YES;
				INFOPLIST_KEY_CFBundleDisplayName = ScoreSwipe;
				INFOPLIST_KEY_UISupportedInterfaceOrientations = "UIInterfaceOrientationPortrait UIInterfaceOrientationPortraitUpsideDown";
				INFOPLIST_KEY_WKWatchOnly = YES;
				LD_RUNPATH_SEARCH_PATHS = (
					"$(inherited)",
					"@executable_path/Frameworks",
				);
				MARKETING_VERSION = 1.0.1;
				PRODUCT_BUNDLE_IDENTIFIER = com.li.james.ScoreSwipe.watchkitapp;
				PRODUCT_NAME = "$(TARGET_NAME)";
				SDKROOT = watchos;
				SKIP_INSTALL = YES;
				SWIFT_EMIT_LOC_STRINGS = YES;
				SWIFT_VERSION = 5.0;
				TARGETED_DEVICE_FAMILY = 4;
				VALIDATE_PRODUCT = YES;
				WATCHOS_DEPLOYMENT_TARGET = 10.0;
			};
			name = Release;
		};
		1AF90BB02CAB59D100EB37F0 /* Debug */ = {
			isa = XCBuildConfiguration;
			buildSettings = {
				CODE_SIGN_STYLE = Automatic;
				CURRENT_PROJECT_VERSION = 1;
				DEVELOPMENT_TEAM = 48FWUD4SQ5;
				INFOPLIST_KEY_CFBundleDisplayName = ScoreSwipe;
				MARKETING_VERSION = 1.0.1;
				PRODUCT_BUNDLE_IDENTIFIER = com.li.james.ScoreSwipe;
				PRODUCT_NAME = "$(TARGET_NAME)";
				SDKROOT = iphoneos;
				SWIFT_VERSION = 5.0;
			};
			name = Debug;
		};
		1AF90BB12CAB59D100EB37F0 /* Release */ = {
			isa = XCBuildConfiguration;
			buildSettings = {
				CODE_SIGN_STYLE = Automatic;
				CURRENT_PROJECT_VERSION = 1;
				DEVELOPMENT_TEAM = 48FWUD4SQ5;
				INFOPLIST_KEY_CFBundleDisplayName = ScoreSwipe;
				MARKETING_VERSION = 1.0.1;
				PRODUCT_BUNDLE_IDENTIFIER = com.li.james.ScoreSwipe;
				PRODUCT_NAME = "$(TARGET_NAME)";
				SDKROOT = iphoneos;
				SWIFT_VERSION = 5.0;
				VALIDATE_PRODUCT = YES;
			};
			name = Release;
		};
/* End XCBuildConfiguration section */

/* Begin XCConfigurationList section */
		1AF90B922CAB59D000EB37F0 /* Build configuration list for PBXProject "ScoreSwipe" */ = {
			isa = XCConfigurationList;
			buildConfigurations = (
				1AF90BA92CAB59D100EB37F0 /* Debug */,
				1AF90BAA2CAB59D100EB37F0 /* Release */,
			);
			defaultConfigurationIsVisible = 0;
			defaultConfigurationName = Release;
		};
		1AF90BAB2CAB59D100EB37F0 /* Build configuration list for PBXNativeTarget "ScoreSwipe Watch App" */ = {
			isa = XCConfigurationList;
			buildConfigurations = (
				1AF90BAC2CAB59D100EB37F0 /* Debug */,
				1AF90BAD2CAB59D100EB37F0 /* Release */,
			);
			defaultConfigurationIsVisible = 0;
			defaultConfigurationName = Release;
		};
		1AF90BAF2CAB59D100EB37F0 /* Build configuration list for PBXNativeTarget "ScoreSwipe" */ = {
			isa = XCConfigurationList;
			buildConfigurations = (
				1AF90BB02CAB59D100EB37F0 /* Debug */,
				1AF90BB12CAB59D100EB37F0 /* Release */,
			);
			defaultConfigurationIsVisible = 0;
			defaultConfigurationName = Release;
		};
/* End XCConfigurationList section */
	};
	rootObject = 1AF90B8F2CAB59D000EB37F0 /* Project object */;
}
